
Microsoft Visual Studio Solution File, Format Version 12.00
# Visual Studio Version 16
VisualStudioVersion = 16.0.29709.97
MinimumVisualStudioVersion = 10.0.40219.1
Project("{FAE04EC0-301F-11D3-BF4B-00C04F79EFBC}") = "SchedulingApplication", "SchedulingApplication.csproj", "{28223D4A-1C16-475F-A07A-D5DDBCE18D64}"
EndProject
Global
	GlobalSection(SolutionConfigurationPlatforms) = preSolution
		Debug|Any CPU = Debug|Any CPU
		Release|Any CPU = Release|Any CPU
	EndGlobalSection
	GlobalSection(ProjectConfigurationPlatforms) = postSolution
		{28223D4A-1C16-475F-A07A-D5DDBCE18D64}.Debug|Any CPU.ActiveCfg = Debug|Any CPU
		{28223D4A-1C16-475F-A07A-D5DDBCE18D64}.Debug|Any CPU.Build.0 = Debug|Any CPU
		{28223D4A-1C16-475F-A07A-D5DDBCE18D64}.Release|Any CPU.ActiveCfg = Release|Any CPU
		{28223D4A-1C16-475F-A07A-D5DDBCE18D64}.Release|Any CPU.Build.0 = Release|Any CPU
	EndGlobalSection
	GlobalSection(SolutionProperties) = preSolution
		HideSolutionNode = FALSE
	EndGlobalSection
	GlobalSection(ExtensibilityGlobals) = postSolution
		SolutionGuid = {086E94F3-4044-4B9D-8557-E725F447F423}
	EndGlobalSection
EndGlobal
